// !$*UTF8*$!
{
	archiveVersion = 1;
	classes = {
	};
	objectVersion = 48;
	objects = {

/* Begin PBXBuildFile section */
		89006AC51F77186A00406233 /* Bolts.framework in Frameworks */ = {isa = PBXBuildFile; fileRef = 89006AC41F77186A00406233 /* Bolts.framework */; };
		89006AC71F77187500406233 /* Parse.framework in Frameworks */ = {isa = PBXBuildFile; fileRef = 89006AC61F77187500406233 /* Parse.framework */; };
		89006ACA1F7718A800406233 /* AudioToolbox.framework in Frameworks */ = {isa = PBXBuildFile; fileRef = 89006AC91F7718A800406233 /* AudioToolbox.framework */; };
		89006AD41F77191C00406233 /* CFNetwork.framework in Frameworks */ = {isa = PBXBuildFile; fileRef = 89006ACB1F77191C00406233 /* CFNetwork.framework */; };
		89006AD51F77191C00406233 /* CoreGraphics.framework in Frameworks */ = {isa = PBXBuildFile; fileRef = 89006ACC1F77191C00406233 /* CoreGraphics.framework */; };
		89006AD61F77191C00406233 /* CoreLocation.framework in Frameworks */ = {isa = PBXBuildFile; fileRef = 89006ACD1F77191C00406233 /* CoreLocation.framework */; };
		89006AD71F77191C00406233 /* libsqlite3.tbd in Frameworks */ = {isa = PBXBuildFile; fileRef = 89006ACE1F77191C00406233 /* libsqlite3.tbd */; };
		89006AD81F77191C00406233 /* libz.tbd in Frameworks */ = {isa = PBXBuildFile; fileRef = 89006ACF1F77191C00406233 /* libz.tbd */; };
		89006AD91F77191C00406233 /* QuartzCore.framework in Frameworks */ = {isa = PBXBuildFile; fileRef = 89006AD01F77191C00406233 /* QuartzCore.framework */; };
		89006ADA1F77191C00406233 /* Security.framework in Frameworks */ = {isa = PBXBuildFile; fileRef = 89006AD11F77191C00406233 /* Security.framework */; };
		89006ADB1F77191C00406233 /* StoreKit.framework in Frameworks */ = {isa = PBXBuildFile; fileRef = 89006AD21F77191C00406233 /* StoreKit.framework */; };
		89006ADC1F77191C00406233 /* SystemConfiguration.framework in Frameworks */ = {isa = PBXBuildFile; fileRef = 89006AD31F77191C00406233 /* SystemConfiguration.framework */; };
		07733E7C486D552316376581 /* Pods_SecondFactor.framework in Frameworks */ = {isa = PBXBuildFile; fileRef = 3FE159FFD33B370A6D296629 /* Pods_SecondFactor.framework */; };
		243850DE3FDAF2A3A0BC1D65 /* Pods_SecondFactorTests.framework in Frameworks */ = {isa = PBXBuildFile; fileRef = B9F7589EA77494741983AA17 /* Pods_SecondFactorTests.framework */; };
		D0B765C51F770F2C000F3178 /* AppDelegate.swift in Sources */ = {isa = PBXBuildFile; fileRef = D0B765C41F770F2C000F3178 /* AppDelegate.swift */; };
		D0B765C71F770F2C000F3178 /* ViewController.swift in Sources */ = {isa = PBXBuildFile; fileRef = D0B765C61F770F2C000F3178 /* ViewController.swift */; };
		D0B765CA1F770F2D000F3178 /* Main.storyboard in Resources */ = {isa = PBXBuildFile; fileRef = D0B765C81F770F2D000F3178 /* Main.storyboard */; };
		D0B765CC1F770F2D000F3178 /* Assets.xcassets in Resources */ = {isa = PBXBuildFile; fileRef = D0B765CB1F770F2D000F3178 /* Assets.xcassets */; };
		D0B765CF1F770F2D000F3178 /* LaunchScreen.storyboard in Resources */ = {isa = PBXBuildFile; fileRef = D0B765CD1F770F2D000F3178 /* LaunchScreen.storyboard */; };
		D0B765DA1F770F2D000F3178 /* SecondFactorTests.swift in Sources */ = {isa = PBXBuildFile; fileRef = D0B765D91F770F2D000F3178 /* SecondFactorTests.swift */; };
		D0B765E51F77339D000F3178 /* ProfileViewController.swift in Sources */ = {isa = PBXBuildFile; fileRef = D0B765E41F77339D000F3178 /* ProfileViewController.swift */; };
/* End PBXBuildFile section */

/* Begin PBXContainerItemProxy section */
		D0B765D61F770F2D000F3178 /* PBXContainerItemProxy */ = {
			isa = PBXContainerItemProxy;
			containerPortal = D0B765B91F770F2C000F3178 /* Project object */;
			proxyType = 1;
			remoteGlobalIDString = D0B765C01F770F2C000F3178;
			remoteInfo = SecondFactor;
		};
/* End PBXContainerItemProxy section */

/* Begin PBXFileReference section */
		89006AC41F77186A00406233 /* Bolts.framework */ = {isa = PBXFileReference; lastKnownFileType = wrapper.framework; name = Bolts.framework; path = "../Parse-iOS/Bolts.framework"; sourceTree = "<group>"; };
		89006AC61F77187500406233 /* Parse.framework */ = {isa = PBXFileReference; lastKnownFileType = wrapper.framework; name = Parse.framework; path = "../Parse-iOS/Parse.framework"; sourceTree = "<group>"; };
		89006AC91F7718A800406233 /* AudioToolbox.framework */ = {isa = PBXFileReference; lastKnownFileType = wrapper.framework; name = AudioToolbox.framework; path = System/Library/Frameworks/AudioToolbox.framework; sourceTree = SDKROOT; };
		89006ACB1F77191C00406233 /* CFNetwork.framework */ = {isa = PBXFileReference; lastKnownFileType = wrapper.framework; name = CFNetwork.framework; path = System/Library/Frameworks/CFNetwork.framework; sourceTree = SDKROOT; };
		89006ACC1F77191C00406233 /* CoreGraphics.framework */ = {isa = PBXFileReference; lastKnownFileType = wrapper.framework; name = CoreGraphics.framework; path = System/Library/Frameworks/CoreGraphics.framework; sourceTree = SDKROOT; };
		89006ACD1F77191C00406233 /* CoreLocation.framework */ = {isa = PBXFileReference; lastKnownFileType = wrapper.framework; name = CoreLocation.framework; path = System/Library/Frameworks/CoreLocation.framework; sourceTree = SDKROOT; };
		89006ACE1F77191C00406233 /* libsqlite3.tbd */ = {isa = PBXFileReference; lastKnownFileType = "sourcecode.text-based-dylib-definition"; name = libsqlite3.tbd; path = usr/lib/libsqlite3.tbd; sourceTree = SDKROOT; };
		89006ACF1F77191C00406233 /* libz.tbd */ = {isa = PBXFileReference; lastKnownFileType = "sourcecode.text-based-dylib-definition"; name = libz.tbd; path = usr/lib/libz.tbd; sourceTree = SDKROOT; };
		89006AD01F77191C00406233 /* QuartzCore.framework */ = {isa = PBXFileReference; lastKnownFileType = wrapper.framework; name = QuartzCore.framework; path = System/Library/Frameworks/QuartzCore.framework; sourceTree = SDKROOT; };
		89006AD11F77191C00406233 /* Security.framework */ = {isa = PBXFileReference; lastKnownFileType = wrapper.framework; name = Security.framework; path = System/Library/Frameworks/Security.framework; sourceTree = SDKROOT; };
		89006AD21F77191C00406233 /* StoreKit.framework */ = {isa = PBXFileReference; lastKnownFileType = wrapper.framework; name = StoreKit.framework; path = System/Library/Frameworks/StoreKit.framework; sourceTree = SDKROOT; };
		89006AD31F77191C00406233 /* SystemConfiguration.framework */ = {isa = PBXFileReference; lastKnownFileType = wrapper.framework; name = SystemConfiguration.framework; path = System/Library/Frameworks/SystemConfiguration.framework; sourceTree = SDKROOT; };
		1ED36325AC4EB83CB9586B0E /* Pods-SecondFactorTests.debug.xcconfig */ = {isa = PBXFileReference; includeInIndex = 1; lastKnownFileType = text.xcconfig; name = "Pods-SecondFactorTests.debug.xcconfig"; path = "Pods/Target Support Files/Pods-SecondFactorTests/Pods-SecondFactorTests.debug.xcconfig"; sourceTree = "<group>"; };
		3FE159FFD33B370A6D296629 /* Pods_SecondFactor.framework */ = {isa = PBXFileReference; explicitFileType = wrapper.framework; includeInIndex = 0; path = Pods_SecondFactor.framework; sourceTree = BUILT_PRODUCTS_DIR; };
		7265B3CC391CF6F2409504E7 /* Pods-SecondFactorTests.release.xcconfig */ = {isa = PBXFileReference; includeInIndex = 1; lastKnownFileType = text.xcconfig; name = "Pods-SecondFactorTests.release.xcconfig"; path = "Pods/Target Support Files/Pods-SecondFactorTests/Pods-SecondFactorTests.release.xcconfig"; sourceTree = "<group>"; };
		9098516C97DBF225ECF4942E /* Pods-SecondFactor.debug.xcconfig */ = {isa = PBXFileReference; includeInIndex = 1; lastKnownFileType = text.xcconfig; name = "Pods-SecondFactor.debug.xcconfig"; path = "Pods/Target Support Files/Pods-SecondFactor/Pods-SecondFactor.debug.xcconfig"; sourceTree = "<group>"; };
		B9F7589EA77494741983AA17 /* Pods_SecondFactorTests.framework */ = {isa = PBXFileReference; explicitFileType = wrapper.framework; includeInIndex = 0; path = Pods_SecondFactorTests.framework; sourceTree = BUILT_PRODUCTS_DIR; };
		C30813169571D3ED30E22C27 /* Pods-SecondFactor.release.xcconfig */ = {isa = PBXFileReference; includeInIndex = 1; lastKnownFileType = text.xcconfig; name = "Pods-SecondFactor.release.xcconfig"; path = "Pods/Target Support Files/Pods-SecondFactor/Pods-SecondFactor.release.xcconfig"; sourceTree = "<group>"; };
		D0B765C11F770F2C000F3178 /* SecondFactor.app */ = {isa = PBXFileReference; explicitFileType = wrapper.application; includeInIndex = 0; path = SecondFactor.app; sourceTree = BUILT_PRODUCTS_DIR; };
		D0B765C41F770F2C000F3178 /* AppDelegate.swift */ = {isa = PBXFileReference; lastKnownFileType = sourcecode.swift; path = AppDelegate.swift; sourceTree = "<group>"; };
		D0B765C61F770F2C000F3178 /* ViewController.swift */ = {isa = PBXFileReference; lastKnownFileType = sourcecode.swift; path = ViewController.swift; sourceTree = "<group>"; };
		D0B765C91F770F2D000F3178 /* Base */ = {isa = PBXFileReference; lastKnownFileType = file.storyboard; name = Base; path = Base.lproj/Main.storyboard; sourceTree = "<group>"; };
		D0B765CB1F770F2D000F3178 /* Assets.xcassets */ = {isa = PBXFileReference; lastKnownFileType = folder.assetcatalog; path = Assets.xcassets; sourceTree = "<group>"; };
		D0B765CE1F770F2D000F3178 /* Base */ = {isa = PBXFileReference; lastKnownFileType = file.storyboard; name = Base; path = Base.lproj/LaunchScreen.storyboard; sourceTree = "<group>"; };
		D0B765D01F770F2D000F3178 /* Info.plist */ = {isa = PBXFileReference; lastKnownFileType = text.plist.xml; path = Info.plist; sourceTree = "<group>"; };
		D0B765D51F770F2D000F3178 /* SecondFactorTests.xctest */ = {isa = PBXFileReference; explicitFileType = wrapper.cfbundle; includeInIndex = 0; path = SecondFactorTests.xctest; sourceTree = BUILT_PRODUCTS_DIR; };
		D0B765D91F770F2D000F3178 /* SecondFactorTests.swift */ = {isa = PBXFileReference; lastKnownFileType = sourcecode.swift; path = SecondFactorTests.swift; sourceTree = "<group>"; };
		D0B765DB1F770F2D000F3178 /* Info.plist */ = {isa = PBXFileReference; lastKnownFileType = text.plist.xml; path = Info.plist; sourceTree = "<group>"; };
		D0B765E41F77339D000F3178 /* ProfileViewController.swift */ = {isa = PBXFileReference; lastKnownFileType = sourcecode.swift; path = ProfileViewController.swift; sourceTree = "<group>"; };
/* End PBXFileReference section */

/* Begin PBXFrameworksBuildPhase section */
		D0B765BE1F770F2C000F3178 /* Frameworks */ = {
			isa = PBXFrameworksBuildPhase;
			buildActionMask = 2147483647;
			files = (
				89006AD41F77191C00406233 /* CFNetwork.framework in Frameworks */,
				89006AD51F77191C00406233 /* CoreGraphics.framework in Frameworks */,
				89006AD61F77191C00406233 /* CoreLocation.framework in Frameworks */,
				89006AD71F77191C00406233 /* libsqlite3.tbd in Frameworks */,
				89006AD81F77191C00406233 /* libz.tbd in Frameworks */,
				89006AD91F77191C00406233 /* QuartzCore.framework in Frameworks */,
				89006ADA1F77191C00406233 /* Security.framework in Frameworks */,
				89006ADB1F77191C00406233 /* StoreKit.framework in Frameworks */,
				89006ADC1F77191C00406233 /* SystemConfiguration.framework in Frameworks */,
				89006ACA1F7718A800406233 /* AudioToolbox.framework in Frameworks */,
				89006AC71F77187500406233 /* Parse.framework in Frameworks */,
				89006AC51F77186A00406233 /* Bolts.framework in Frameworks */,
				07733E7C486D552316376581 /* Pods_SecondFactor.framework in Frameworks */,
			);
			runOnlyForDeploymentPostprocessing = 0;
		};
		D0B765D21F770F2D000F3178 /* Frameworks */ = {
			isa = PBXFrameworksBuildPhase;
			buildActionMask = 2147483647;
			files = (
				243850DE3FDAF2A3A0BC1D65 /* Pods_SecondFactorTests.framework in Frameworks */,
			);
			runOnlyForDeploymentPostprocessing = 0;
		};
/* End PBXFrameworksBuildPhase section */

/* Begin PBXGroup section */
		89006AC31F77183200406233 /* back4app */ = {
			isa = PBXGroup;
			children = (
				89006AC61F77187500406233 /* Parse.framework */,
				89006AC41F77186A00406233 /* Bolts.framework */,
			);
			name = back4app;
			sourceTree = "<group>";
		};
		89006AC81F7718A800406233 /* Frameworks */ = {
			isa = PBXGroup;
			children = (
				89006AC31F77183200406233 /* back4app */,
				89006ACB1F77191C00406233 /* CFNetwork.framework */,
				89006ACC1F77191C00406233 /* CoreGraphics.framework */,
				89006ACD1F77191C00406233 /* CoreLocation.framework */,
				89006ACE1F77191C00406233 /* libsqlite3.tbd */,
				89006ACF1F77191C00406233 /* libz.tbd */,
				89006AD01F77191C00406233 /* QuartzCore.framework */,
				89006AD11F77191C00406233 /* Security.framework */,
				89006AD21F77191C00406233 /* StoreKit.framework */,
				89006AD31F77191C00406233 /* SystemConfiguration.framework */,
				89006AC91F7718A800406233 /* AudioToolbox.framework */,
			);
			name = Frameworks;
			sourceTree = "<group>";
		};
		1648473FA706C73FADEC1191 /* Frameworks */ = {
			isa = PBXGroup;
			children = (
				3FE159FFD33B370A6D296629 /* Pods_SecondFactor.framework */,
				B9F7589EA77494741983AA17 /* Pods_SecondFactorTests.framework */,
			);
			name = Frameworks;
			sourceTree = "<group>";
		};
		C3C097CFBEDC11BB7D2E48B7 /* Pods */ = {
			isa = PBXGroup;
			children = (
				9098516C97DBF225ECF4942E /* Pods-SecondFactor.debug.xcconfig */,
				C30813169571D3ED30E22C27 /* Pods-SecondFactor.release.xcconfig */,
				1ED36325AC4EB83CB9586B0E /* Pods-SecondFactorTests.debug.xcconfig */,
				7265B3CC391CF6F2409504E7 /* Pods-SecondFactorTests.release.xcconfig */,
			);
			name = Pods;
			sourceTree = "<group>";
		};
		D0B765B81F770F2C000F3178 = {
			isa = PBXGroup;
			children = (
				89006AC81F7718A800406233 /* Frameworks */,
				D0B765C31F770F2C000F3178 /* SecondFactor */,
				D0B765D81F770F2D000F3178 /* SecondFactorTests */,
				D0B765C21F770F2C000F3178 /* Products */,
				C3C097CFBEDC11BB7D2E48B7 /* Pods */,
				1648473FA706C73FADEC1191 /* Frameworks */,
			);
			sourceTree = "<group>";
		};
		D0B765C21F770F2C000F3178 /* Products */ = {
			isa = PBXGroup;
			children = (
				D0B765C11F770F2C000F3178 /* SecondFactor.app */,
				D0B765D51F770F2D000F3178 /* SecondFactorTests.xctest */,
			);
			name = Products;
			sourceTree = "<group>";
		};
		D0B765C31F770F2C000F3178 /* SecondFactor */ = {
			isa = PBXGroup;
			children = (
				D0B765C41F770F2C000F3178 /* AppDelegate.swift */,
				D0B765C61F770F2C000F3178 /* ViewController.swift */,
				D0B765C81F770F2D000F3178 /* Main.storyboard */,
				D0B765E41F77339D000F3178 /* ProfileViewController.swift */,
				D0B765CB1F770F2D000F3178 /* Assets.xcassets */,
				D0B765CD1F770F2D000F3178 /* LaunchScreen.storyboard */,
				D0B765D01F770F2D000F3178 /* Info.plist */,
			);
			path = SecondFactor;
			sourceTree = "<group>";
		};
		D0B765D81F770F2D000F3178 /* SecondFactorTests */ = {
			isa = PBXGroup;
			children = (
				D0B765D91F770F2D000F3178 /* SecondFactorTests.swift */,
				D0B765DB1F770F2D000F3178 /* Info.plist */,
			);
			path = SecondFactorTests;
			sourceTree = "<group>";
		};
/* End PBXGroup section */

/* Begin PBXNativeTarget section */
		D0B765C01F770F2C000F3178 /* SecondFactor */ = {
			isa = PBXNativeTarget;
			buildConfigurationList = D0B765DE1F770F2D000F3178 /* Build configuration list for PBXNativeTarget "SecondFactor" */;
			buildPhases = (
				3C8F197E3AD69CCB3B36CDB6 /* [CP] Check Pods Manifest.lock */,
				D0B765BD1F770F2C000F3178 /* Sources */,
				D0B765BE1F770F2C000F3178 /* Frameworks */,
				D0B765BF1F770F2C000F3178 /* Resources */,
				16FB3A6A6C76DB063E92E061 /* [CP] Embed Pods Frameworks */,
				3EEF54DE9B4D73E35A1C7EBC /* [CP] Copy Pods Resources */,
			);
			buildRules = (
			);
			dependencies = (
			);
			name = SecondFactor;
			productName = SecondFactor;
			productReference = D0B765C11F770F2C000F3178 /* SecondFactor.app */;
			productType = "com.apple.product-type.application";
		};
		D0B765D41F770F2D000F3178 /* SecondFactorTests */ = {
			isa = PBXNativeTarget;
			buildConfigurationList = D0B765E11F770F2D000F3178 /* Build configuration list for PBXNativeTarget "SecondFactorTests" */;
			buildPhases = (
				464EC732132995AEFFB88236 /* [CP] Check Pods Manifest.lock */,
				D0B765D11F770F2D000F3178 /* Sources */,
				D0B765D21F770F2D000F3178 /* Frameworks */,
				D0B765D31F770F2D000F3178 /* Resources */,
				E6960A3FBAEE8729964E2DF0 /* [CP] Embed Pods Frameworks */,
				8C3474FE537A043A764DF315 /* [CP] Copy Pods Resources */,
			);
			buildRules = (
			);
			dependencies = (
				D0B765D71F770F2D000F3178 /* PBXTargetDependency */,
			);
			name = SecondFactorTests;
			productName = SecondFactorTests;
			productReference = D0B765D51F770F2D000F3178 /* SecondFactorTests.xctest */;
			productType = "com.apple.product-type.bundle.unit-test";
		};
/* End PBXNativeTarget section */

/* Begin PBXProject section */
		D0B765B91F770F2C000F3178 /* Project object */ = {
			isa = PBXProject;
			attributes = {
				LastSwiftUpdateCheck = 0900;
				LastUpgradeCheck = 0900;
				ORGANIZATIONNAME = "Aletheon Corp";
				TargetAttributes = {
					D0B765C01F770F2C000F3178 = {
						CreatedOnToolsVersion = 9.0;
						ProvisioningStyle = Automatic;
					};
					D0B765D41F770F2D000F3178 = {
						CreatedOnToolsVersion = 9.0;
						ProvisioningStyle = Automatic;
						TestTargetID = D0B765C01F770F2C000F3178;
					};
				};
			};
			buildConfigurationList = D0B765BC1F770F2C000F3178 /* Build configuration list for PBXProject "SecondFactor" */;
			compatibilityVersion = "Xcode 8.0";
			developmentRegion = en;
			hasScannedForEncodings = 0;
			knownRegions = (
				en,
				Base,
			);
			mainGroup = D0B765B81F770F2C000F3178;
			productRefGroup = D0B765C21F770F2C000F3178 /* Products */;
			projectDirPath = "";
			projectRoot = "";
			targets = (
				D0B765C01F770F2C000F3178 /* SecondFactor */,
				D0B765D41F770F2D000F3178 /* SecondFactorTests */,
			);
		};
/* End PBXProject section */

/* Begin PBXResourcesBuildPhase section */
		D0B765BF1F770F2C000F3178 /* Resources */ = {
			isa = PBXResourcesBuildPhase;
			buildActionMask = 2147483647;
			files = (
				D0B765CF1F770F2D000F3178 /* LaunchScreen.storyboard in Resources */,
				D0B765CC1F770F2D000F3178 /* Assets.xcassets in Resources */,
				D0B765CA1F770F2D000F3178 /* Main.storyboard in Resources */,
			);
			runOnlyForDeploymentPostprocessing = 0;
		};
		D0B765D31F770F2D000F3178 /* Resources */ = {
			isa = PBXResourcesBuildPhase;
			buildActionMask = 2147483647;
			files = (
			);
			runOnlyForDeploymentPostprocessing = 0;
		};
/* End PBXResourcesBuildPhase section */

/* Begin PBXShellScriptBuildPhase section */
		16FB3A6A6C76DB063E92E061 /* [CP] Embed Pods Frameworks */ = {
			isa = PBXShellScriptBuildPhase;
			buildActionMask = 2147483647;
			files = (
			);
			inputPaths = (
				"${SRCROOT}/Pods/Target Support Files/Pods-SecondFactor/Pods-SecondFactor-frameworks.sh",
				"${BUILT_PRODUCTS_DIR}/Alamofire/Alamofire.framework",
			);
			name = "[CP] Embed Pods Frameworks";
			outputPaths = (
				"${TARGET_BUILD_DIR}/${FRAMEWORKS_FOLDER_PATH}/Alamofire.framework",
			);
			runOnlyForDeploymentPostprocessing = 0;
			shellPath = /bin/sh;
			shellScript = "\"${SRCROOT}/Pods/Target Support Files/Pods-SecondFactor/Pods-SecondFactor-frameworks.sh\"\n";
			showEnvVarsInLog = 0;
		};
		3C8F197E3AD69CCB3B36CDB6 /* [CP] Check Pods Manifest.lock */ = {
			isa = PBXShellScriptBuildPhase;
			buildActionMask = 2147483647;
			files = (
			);
			inputPaths = (
				"${PODS_PODFILE_DIR_PATH}/Podfile.lock",
				"${PODS_ROOT}/Manifest.lock",
			);
			name = "[CP] Check Pods Manifest.lock";
			outputPaths = (
				"$(DERIVED_FILE_DIR)/Pods-SecondFactor-checkManifestLockResult.txt",
			);
			runOnlyForDeploymentPostprocessing = 0;
			shellPath = /bin/sh;
			shellScript = "diff \"${PODS_PODFILE_DIR_PATH}/Podfile.lock\" \"${PODS_ROOT}/Manifest.lock\" > /dev/null\nif [ $? != 0 ] ; then\n    # print error to STDERR\n    echo \"error: The sandbox is not in sync with the Podfile.lock. Run 'pod install' or update your CocoaPods installation.\" >&2\n    exit 1\nfi\n# This output is used by Xcode 'outputs' to avoid re-running this script phase.\necho \"SUCCESS\" > \"${SCRIPT_OUTPUT_FILE_0}\"\n";
			showEnvVarsInLog = 0;
		};
		3EEF54DE9B4D73E35A1C7EBC /* [CP] Copy Pods Resources */ = {
			isa = PBXShellScriptBuildPhase;
			buildActionMask = 2147483647;
			files = (
			);
			inputPaths = (
			);
			name = "[CP] Copy Pods Resources";
			outputPaths = (
			);
			runOnlyForDeploymentPostprocessing = 0;
			shellPath = /bin/sh;
			shellScript = "\"${SRCROOT}/Pods/Target Support Files/Pods-SecondFactor/Pods-SecondFactor-resources.sh\"\n";
			showEnvVarsInLog = 0;
		};
		464EC732132995AEFFB88236 /* [CP] Check Pods Manifest.lock */ = {
			isa = PBXShellScriptBuildPhase;
			buildActionMask = 2147483647;
			files = (
			);
			inputPaths = (
				"${PODS_PODFILE_DIR_PATH}/Podfile.lock",
				"${PODS_ROOT}/Manifest.lock",
			);
			name = "[CP] Check Pods Manifest.lock";
			outputPaths = (
				"$(DERIVED_FILE_DIR)/Pods-SecondFactorTests-checkManifestLockResult.txt",
			);
			runOnlyForDeploymentPostprocessing = 0;
			shellPath = /bin/sh;
			shellScript = "diff \"${PODS_PODFILE_DIR_PATH}/Podfile.lock\" \"${PODS_ROOT}/Manifest.lock\" > /dev/null\nif [ $? != 0 ] ; then\n    # print error to STDERR\n    echo \"error: The sandbox is not in sync with the Podfile.lock. Run 'pod install' or update your CocoaPods installation.\" >&2\n    exit 1\nfi\n# This output is used by Xcode 'outputs' to avoid re-running this script phase.\necho \"SUCCESS\" > \"${SCRIPT_OUTPUT_FILE_0}\"\n";
			showEnvVarsInLog = 0;
		};
		8C3474FE537A043A764DF315 /* [CP] Copy Pods Resources */ = {
			isa = PBXShellScriptBuildPhase;
			buildActionMask = 2147483647;
			files = (
			);
			inputPaths = (
			);
			name = "[CP] Copy Pods Resources";
			outputPaths = (
			);
			runOnlyForDeploymentPostprocessing = 0;
			shellPath = /bin/sh;
			shellScript = "\"${SRCROOT}/Pods/Target Support Files/Pods-SecondFactorTests/Pods-SecondFactorTests-resources.sh\"\n";
			showEnvVarsInLog = 0;
		};
		E6960A3FBAEE8729964E2DF0 /* [CP] Embed Pods Frameworks */ = {
			isa = PBXShellScriptBuildPhase;
			buildActionMask = 2147483647;
			files = (
			);
			inputPaths = (
			);
			name = "[CP] Embed Pods Frameworks";
			outputPaths = (
			);
			runOnlyForDeploymentPostprocessing = 0;
			shellPath = /bin/sh;
			shellScript = "\"${SRCROOT}/Pods/Target Support Files/Pods-SecondFactorTests/Pods-SecondFactorTests-frameworks.sh\"\n";
			showEnvVarsInLog = 0;
		};
/* End PBXShellScriptBuildPhase section */

/* Begin PBXSourcesBuildPhase section */
		D0B765BD1F770F2C000F3178 /* Sources */ = {
			isa = PBXSourcesBuildPhase;
			buildActionMask = 2147483647;
			files = (
				D0B765E51F77339D000F3178 /* ProfileViewController.swift in Sources */,
				D0B765C71F770F2C000F3178 /* ViewController.swift in Sources */,
				D0B765C51F770F2C000F3178 /* AppDelegate.swift in Sources */,
			);
			runOnlyForDeploymentPostprocessing = 0;
		};
		D0B765D11F770F2D000F3178 /* Sources */ = {
			isa = PBXSourcesBuildPhase;
			buildActionMask = 2147483647;
			files = (
				D0B765DA1F770F2D000F3178 /* SecondFactorTests.swift in Sources */,
			);
			runOnlyForDeploymentPostprocessing = 0;
		};
/* End PBXSourcesBuildPhase section */

/* Begin PBXTargetDependency section */
		D0B765D71F770F2D000F3178 /* PBXTargetDependency */ = {
			isa = PBXTargetDependency;
			target = D0B765C01F770F2C000F3178 /* SecondFactor */;
			targetProxy = D0B765D61F770F2D000F3178 /* PBXContainerItemProxy */;
		};
/* End PBXTargetDependency section */

/* Begin PBXVariantGroup section */
		D0B765C81F770F2D000F3178 /* Main.storyboard */ = {
			isa = PBXVariantGroup;
			children = (
				D0B765C91F770F2D000F3178 /* Base */,
			);
			name = Main.storyboard;
			sourceTree = "<group>";
		};
		D0B765CD1F770F2D000F3178 /* LaunchScreen.storyboard */ = {
			isa = PBXVariantGroup;
			children = (
				D0B765CE1F770F2D000F3178 /* Base */,
			);
			name = LaunchScreen.storyboard;
			sourceTree = "<group>";
		};
/* End PBXVariantGroup section */

/* Begin XCBuildConfiguration section */
		D0B765DC1F770F2D000F3178 /* Debug */ = {
			isa = XCBuildConfiguration;
			buildSettings = {
				ALWAYS_SEARCH_USER_PATHS = NO;
				CLANG_ANALYZER_NONNULL = YES;
				CLANG_ANALYZER_NUMBER_OBJECT_CONVERSION = YES_AGGRESSIVE;
				CLANG_CXX_LANGUAGE_STANDARD = "gnu++14";
				CLANG_CXX_LIBRARY = "libc++";
				CLANG_ENABLE_MODULES = YES;
				CLANG_ENABLE_OBJC_ARC = YES;
				CLANG_WARN_BLOCK_CAPTURE_AUTORELEASING = YES;
				CLANG_WARN_BOOL_CONVERSION = YES;
				CLANG_WARN_COMMA = YES;
				CLANG_WARN_CONSTANT_CONVERSION = YES;
				CLANG_WARN_DIRECT_OBJC_ISA_USAGE = YES_ERROR;
				CLANG_WARN_DOCUMENTATION_COMMENTS = YES;
				CLANG_WARN_EMPTY_BODY = YES;
				CLANG_WARN_ENUM_CONVERSION = YES;
				CLANG_WARN_INFINITE_RECURSION = YES;
				CLANG_WARN_INT_CONVERSION = YES;
				CLANG_WARN_NON_LITERAL_NULL_CONVERSION = YES;
				CLANG_WARN_OBJC_LITERAL_CONVERSION = YES;
				CLANG_WARN_OBJC_ROOT_CLASS = YES_ERROR;
				CLANG_WARN_RANGE_LOOP_ANALYSIS = YES;
				CLANG_WARN_STRICT_PROTOTYPES = YES;
				CLANG_WARN_SUSPICIOUS_MOVE = YES;
				CLANG_WARN_UNGUARDED_AVAILABILITY = YES_AGGRESSIVE;
				CLANG_WARN_UNREACHABLE_CODE = YES;
				CLANG_WARN__DUPLICATE_METHOD_MATCH = YES;
				CODE_SIGN_IDENTITY = "iPhone Developer";
				COPY_PHASE_STRIP = NO;
				DEBUG_INFORMATION_FORMAT = dwarf;
				ENABLE_STRICT_OBJC_MSGSEND = YES;
				ENABLE_TESTABILITY = YES;
				GCC_C_LANGUAGE_STANDARD = gnu11;
				GCC_DYNAMIC_NO_PIC = NO;
				GCC_NO_COMMON_BLOCKS = YES;
				GCC_OPTIMIZATION_LEVEL = 0;
				GCC_PREPROCESSOR_DEFINITIONS = (
					"DEBUG=1",
					"$(inherited)",
				);
				GCC_WARN_64_TO_32_BIT_CONVERSION = YES;
				GCC_WARN_ABOUT_RETURN_TYPE = YES_ERROR;
				GCC_WARN_UNDECLARED_SELECTOR = YES;
				GCC_WARN_UNINITIALIZED_AUTOS = YES_AGGRESSIVE;
				GCC_WARN_UNUSED_FUNCTION = YES;
				GCC_WARN_UNUSED_VARIABLE = YES;
				IPHONEOS_DEPLOYMENT_TARGET = 11.0;
				MTL_ENABLE_DEBUG_INFO = YES;
				ONLY_ACTIVE_ARCH = YES;
				SDKROOT = iphoneos;
				SWIFT_ACTIVE_COMPILATION_CONDITIONS = DEBUG;
				SWIFT_OPTIMIZATION_LEVEL = "-Onone";
			};
			name = Debug;
		};
		D0B765DD1F770F2D000F3178 /* Release */ = {
			isa = XCBuildConfiguration;
			buildSettings = {
				ALWAYS_SEARCH_USER_PATHS = NO;
				CLANG_ANALYZER_NONNULL = YES;
				CLANG_ANALYZER_NUMBER_OBJECT_CONVERSION = YES_AGGRESSIVE;
				CLANG_CXX_LANGUAGE_STANDARD = "gnu++14";
				CLANG_CXX_LIBRARY = "libc++";
				CLANG_ENABLE_MODULES = YES;
				CLANG_ENABLE_OBJC_ARC = YES;
				CLANG_WARN_BLOCK_CAPTURE_AUTORELEASING = YES;
				CLANG_WARN_BOOL_CONVERSION = YES;
				CLANG_WARN_COMMA = YES;
				CLANG_WARN_CONSTANT_CONVERSION = YES;
				CLANG_WARN_DIRECT_OBJC_ISA_USAGE = YES_ERROR;
				CLANG_WARN_DOCUMENTATION_COMMENTS = YES;
				CLANG_WARN_EMPTY_BODY = YES;
				CLANG_WARN_ENUM_CONVERSION = YES;
				CLANG_WARN_INFINITE_RECURSION = YES;
				CLANG_WARN_INT_CONVERSION = YES;
				CLANG_WARN_NON_LITERAL_NULL_CONVERSION = YES;
				CLANG_WARN_OBJC_LITERAL_CONVERSION = YES;
				CLANG_WARN_OBJC_ROOT_CLASS = YES_ERROR;
				CLANG_WARN_RANGE_LOOP_ANALYSIS = YES;
				CLANG_WARN_STRICT_PROTOTYPES = YES;
				CLANG_WARN_SUSPICIOUS_MOVE = YES;
				CLANG_WARN_UNGUARDED_AVAILABILITY = YES_AGGRESSIVE;
				CLANG_WARN_UNREACHABLE_CODE = YES;
				CLANG_WARN__DUPLICATE_METHOD_MATCH = YES;
				CODE_SIGN_IDENTITY = "iPhone Developer";
				COPY_PHASE_STRIP = NO;
				DEBUG_INFORMATION_FORMAT = "dwarf-with-dsym";
				ENABLE_NS_ASSERTIONS = NO;
				ENABLE_STRICT_OBJC_MSGSEND = YES;
				GCC_C_LANGUAGE_STANDARD = gnu11;
				GCC_NO_COMMON_BLOCKS = YES;
				GCC_WARN_64_TO_32_BIT_CONVERSION = YES;
				GCC_WARN_ABOUT_RETURN_TYPE = YES_ERROR;
				GCC_WARN_UNDECLARED_SELECTOR = YES;
				GCC_WARN_UNINITIALIZED_AUTOS = YES_AGGRESSIVE;
				GCC_WARN_UNUSED_FUNCTION = YES;
				GCC_WARN_UNUSED_VARIABLE = YES;
				IPHONEOS_DEPLOYMENT_TARGET = 11.0;
				MTL_ENABLE_DEBUG_INFO = NO;
				SDKROOT = iphoneos;
				SWIFT_OPTIMIZATION_LEVEL = "-Owholemodule";
				VALIDATE_PRODUCT = YES;
			};
			name = Release;
		};
		D0B765DF1F770F2D000F3178 /* Debug */ = {
			isa = XCBuildConfiguration;
			baseConfigurationReference = 9098516C97DBF225ECF4942E /* Pods-SecondFactor.debug.xcconfig */;
			buildSettings = {
				ASSETCATALOG_COMPILER_APPICON_NAME = AppIcon;
				CODE_SIGN_STYLE = Automatic;
				INFOPLIST_FILE = SecondFactor/Info.plist;
				LD_RUNPATH_SEARCH_PATHS = "$(inherited) @executable_path/Frameworks";
				PRODUCT_BUNDLE_IDENTIFIER = co.aletheon.SecondFactor;
				PRODUCT_NAME = "$(TARGET_NAME)";
				SWIFT_VERSION = 4.0;
				TARGETED_DEVICE_FAMILY = "1,2";
			};
			name = Debug;
		};
		D0B765E01F770F2D000F3178 /* Release */ = {
			isa = XCBuildConfiguration;
			baseConfigurationReference = C30813169571D3ED30E22C27 /* Pods-SecondFactor.release.xcconfig */;
			buildSettings = {
				ASSETCATALOG_COMPILER_APPICON_NAME = AppIcon;
				CODE_SIGN_STYLE = Automatic;
				INFOPLIST_FILE = SecondFactor/Info.plist;
				LD_RUNPATH_SEARCH_PATHS = "$(inherited) @executable_path/Frameworks";
				PRODUCT_BUNDLE_IDENTIFIER = co.aletheon.SecondFactor;
				PRODUCT_NAME = "$(TARGET_NAME)";
				SWIFT_VERSION = 4.0;
				TARGETED_DEVICE_FAMILY = "1,2";
			};
			name = Release;
		};
		D0B765E21F770F2D000F3178 /* Debug */ = {
			isa = XCBuildConfiguration;
			baseConfigurationReference = 1ED36325AC4EB83CB9586B0E /* Pods-SecondFactorTests.debug.xcconfig */;
			buildSettings = {
				ALWAYS_EMBED_SWIFT_STANDARD_LIBRARIES = YES;
				BUNDLE_LOADER = "$(TEST_HOST)";
				CODE_SIGN_STYLE = Automatic;
				INFOPLIST_FILE = SecondFactorTests/Info.plist;
				LD_RUNPATH_SEARCH_PATHS = "$(inherited) @executable_path/Frameworks @loader_path/Frameworks";
				PRODUCT_BUNDLE_IDENTIFIER = co.aletheon.SecondFactorTests;
				PRODUCT_NAME = "$(TARGET_NAME)";
				SWIFT_VERSION = 4.0;
				TARGETED_DEVICE_FAMILY = "1,2";
				TEST_HOST = "$(BUILT_PRODUCTS_DIR)/SecondFactor.app/SecondFactor";
			};
			name = Debug;
		};
		D0B765E31F770F2D000F3178 /* Release */ = {
			isa = XCBuildConfiguration;
			baseConfigurationReference = 7265B3CC391CF6F2409504E7 /* Pods-SecondFactorTests.release.xcconfig */;
			buildSettings = {
				ALWAYS_EMBED_SWIFT_STANDARD_LIBRARIES = YES;
				BUNDLE_LOADER = "$(TEST_HOST)";
				CODE_SIGN_STYLE = Automatic;
				INFOPLIST_FILE = SecondFactorTests/Info.plist;
				LD_RUNPATH_SEARCH_PATHS = "$(inherited) @executable_path/Frameworks @loader_path/Frameworks";
				PRODUCT_BUNDLE_IDENTIFIER = co.aletheon.SecondFactorTests;
				PRODUCT_NAME = "$(TARGET_NAME)";
				SWIFT_VERSION = 4.0;
				TARGETED_DEVICE_FAMILY = "1,2";
				TEST_HOST = "$(BUILT_PRODUCTS_DIR)/SecondFactor.app/SecondFactor";
			};
			name = Release;
		};
/* End XCBuildConfiguration section */

/* Begin XCConfigurationList section */
		D0B765BC1F770F2C000F3178 /* Build configuration list for PBXProject "SecondFactor" */ = {
			isa = XCConfigurationList;
			buildConfigurations = (
				D0B765DC1F770F2D000F3178 /* Debug */,
				D0B765DD1F770F2D000F3178 /* Release */,
			);
			defaultConfigurationIsVisible = 0;
			defaultConfigurationName = Release;
		};
		D0B765DE1F770F2D000F3178 /* Build configuration list for PBXNativeTarget "SecondFactor" */ = {
			isa = XCConfigurationList;
			buildConfigurations = (
				D0B765DF1F770F2D000F3178 /* Debug */,
				D0B765E01F770F2D000F3178 /* Release */,
			);
			defaultConfigurationIsVisible = 0;
			defaultConfigurationName = Release;
		};
		D0B765E11F770F2D000F3178 /* Build configuration list for PBXNativeTarget "SecondFactorTests" */ = {
			isa = XCConfigurationList;
			buildConfigurations = (
				D0B765E21F770F2D000F3178 /* Debug */,
				D0B765E31F770F2D000F3178 /* Release */,
			);
			defaultConfigurationIsVisible = 0;
			defaultConfigurationName = Release;
		};
/* End XCConfigurationList section */
	};
	rootObject = D0B765B91F770F2C000F3178 /* Project object */;
}
